// !$*UTF8*$!
{
	archiveVersion = 1;
	classes = {
	};
	objectVersion = 56;
	objects = {

/* Begin PBXBuildFile section */
		39DA9EE22A669F710034FAEC /* AppDelegate.swift in Sources */ = {isa = PBXBuildFile; fileRef = 39DA9EE12A669F710034FAEC /* AppDelegate.swift */; };
		39DA9EE42A669F710034FAEC /* SceneDelegate.swift in Sources */ = {isa = PBXBuildFile; fileRef = 39DA9EE32A669F710034FAEC /* SceneDelegate.swift */; };
		39DA9EE62A669F710034FAEC /* ViewController.swift in Sources */ = {isa = PBXBuildFile; fileRef = 39DA9EE52A669F710034FAEC /* ViewController.swift */; };
		39DA9EE92A669F710034FAEC /* Main.storyboard in Resources */ = {isa = PBXBuildFile; fileRef = 39DA9EE72A669F710034FAEC /* Main.storyboard */; };
		39DA9EEB2A669F720034FAEC /* Assets.xcassets in Resources */ = {isa = PBXBuildFile; fileRef = 39DA9EEA2A669F720034FAEC /* Assets.xcassets */; };
		39DA9EEE2A669F720034FAEC /* LaunchScreen.storyboard in Resources */ = {isa = PBXBuildFile; fileRef = 39DA9EEC2A669F720034FAEC /* LaunchScreen.storyboard */; };
		39DA9EFB2A669F7E0034FAEC /* 1.png in Resources */ = {isa = PBXBuildFile; fileRef = 39DA9EF52A669F7D0034FAEC /* 1.png */; };
		39DA9EFC2A669F7E0034FAEC /* 6.png in Resources */ = {isa = PBXBuildFile; fileRef = 39DA9EF62A669F7D0034FAEC /* 6.png */; };
		39DA9EFD2A669F7E0034FAEC /* 4.png in Resources */ = {isa = PBXBuildFile; fileRef = 39DA9EF72A669F7D0034FAEC /* 4.png */; };
		39DA9EFE2A669F7E0034FAEC /* 2.png in Resources */ = {isa = PBXBuildFile; fileRef = 39DA9EF82A669F7D0034FAEC /* 2.png */; };
		39DA9EFF2A669F7E0034FAEC /* 5.png in Resources */ = {isa = PBXBuildFile; fileRef = 39DA9EF92A669F7E0034FAEC /* 5.png */; };
		39DA9F002A669F7E0034FAEC /* 3.png in Resources */ = {isa = PBXBuildFile; fileRef = 39DA9EFA2A669F7E0034FAEC /* 3.png */; };
/* End PBXBuildFile section */

/* Begin PBXFileReference section */
		39DA9EDE2A669F710034FAEC /* ImageView-assignment.app */ = {isa = PBXFileReference; explicitFileType = wrapper.application; includeInIndex = 0; path = "ImageView-assignment.app"; sourceTree = BUILT_PRODUCTS_DIR; };
		39DA9EE12A669F710034FAEC /* AppDelegate.swift */ = {isa = PBXFileReference; lastKnownFileType = sourcecode.swift; path = AppDelegate.swift; sourceTree = "<group>"; };
		39DA9EE32A669F710034FAEC /* SceneDelegate.swift */ = {isa = PBXFileReference; lastKnownFileType = sourcecode.swift; path = SceneDelegate.swift; sourceTree = "<group>"; };
		39DA9EE52A669F710034FAEC /* ViewController.swift */ = {isa = PBXFileReference; lastKnownFileType = sourcecode.swift; path = ViewController.swift; sourceTree = "<group>"; };
		39DA9EE82A669F710034FAEC /* Base */ = {isa = PBXFileReference; lastKnownFileType = file.storyboard; name = Base; path = Base.lproj/Main.storyboard; sourceTree = "<group>"; };
		39DA9EEA2A669F720034FAEC /* Assets.xcassets */ = {isa = PBXFileReference; lastKnownFileType = folder.assetcatalog; path = Assets.xcassets; sourceTree = "<group>"; };
		39DA9EED2A669F720034FAEC /* Base */ = {isa = PBXFileReference; lastKnownFileType = file.storyboard; name = Base; path = Base.lproj/LaunchScreen.storyboard; sourceTree = "<group>"; };
		39DA9EEF2A669F720034FAEC /* Info.plist */ = {isa = PBXFileReference; lastKnownFileType = text.plist.xml; path = Info.plist; sourceTree = "<group>"; };
		39DA9EF52A669F7D0034FAEC /* 1.png */ = {isa = PBXFileReference; lastKnownFileType = image.png; path = 1.png; sourceTree = "<group>"; };
		39DA9EF62A669F7D0034FAEC /* 6.png */ = {isa = PBXFileReference; lastKnownFileType = image.png; path = 6.png; sourceTree = "<group>"; };
		39DA9EF72A669F7D0034FAEC /* 4.png */ = {isa = PBXFileReference; lastKnownFileType = image.png; path = 4.png; sourceTree = "<group>"; };
		39DA9EF82A669F7D0034FAEC /* 2.png */ = {isa = PBXFileReference; lastKnownFileType = image.png; path = 2.png; sourceTree = "<group>"; };
		39DA9EF92A669F7E0034FAEC /* 5.png */ = {isa = PBXFileReference; lastKnownFileType = image.png; path = 5.png; sourceTree = "<group>"; };
		39DA9EFA2A669F7E0034FAEC /* 3.png */ = {isa = PBXFileReference; lastKnownFileType = image.png; path = 3.png; sourceTree = "<group>"; };
/* End PBXFileReference section */

/* Begin PBXFrameworksBuildPhase section */
		39DA9EDB2A669F710034FAEC /* Frameworks */ = {
			isa = PBXFrameworksBuildPhase;
			buildActionMask = 2147483647;
			files = (
			);
			runOnlyForDeploymentPostprocessing = 0;
		};
/* End PBXFrameworksBuildPhase section */

/* Begin PBXGroup section */
		39DA9ED52A669F710034FAEC = {
			isa = PBXGroup;
			children = (
				39DA9EE02A669F710034FAEC /* ImageView-assignment */,
				39DA9EDF2A669F710034FAEC /* Products */,
			);
			sourceTree = "<group>";
		};
		39DA9EDF2A669F710034FAEC /* Products */ = {
			isa = PBXGroup;
			children = (
				39DA9EDE2A669F710034FAEC /* ImageView-assignment.app */,
			);
			name = Products;
			sourceTree = "<group>";
		};
		39DA9EE02A669F710034FAEC /* ImageView-assignment */ = {
			isa = PBXGroup;
			children = (
				39DA9EF52A669F7D0034FAEC /* 1.png */,
				39DA9EF82A669F7D0034FAEC /* 2.png */,
				39DA9EFA2A669F7E0034FAEC /* 3.png */,
				39DA9EF72A669F7D0034FAEC /* 4.png */,
				39DA9EF92A669F7E0034FAEC /* 5.png */,
				39DA9EF62A669F7D0034FAEC /* 6.png */,
				39DA9EE12A669F710034FAEC /* AppDelegate.swift */,
				39DA9EE32A669F710034FAEC /* SceneDelegate.swift */,
				39DA9EE52A669F710034FAEC /* ViewController.swift */,
				39DA9EE72A669F710034FAEC /* Main.storyboard */,
				39DA9EEA2A669F720034FAEC /* Assets.xcassets */,
				39DA9EEC2A669F720034FAEC /* LaunchScreen.storyboard */,
				39DA9EEF2A669F720034FAEC /* Info.plist */,
			);
			path = "ImageView-assignment";
			sourceTree = "<group>";
		};
/* End PBXGroup section */

/* Begin PBXNativeTarget section */
		39DA9EDD2A669F710034FAEC /* ImageView-assignment */ = {
			isa = PBXNativeTarget;
			buildConfigurationList = 39DA9EF22A669F720034FAEC /* Build configuration list for PBXNativeTarget "ImageView-assignment" */;
			buildPhases = (
				39DA9EDA2A669F710034FAEC /* Sources */,
				39DA9EDB2A669F710034FAEC /* Frameworks */,
				39DA9EDC2A669F710034FAEC /* Resources */,
			);
			buildRules = (
			);
			dependencies = (
			);
			name = "ImageView-assignment";
			productName = "ImageView-assignment";
			productReference = 39DA9EDE2A669F710034FAEC /* ImageView-assignment.app */;
			productType = "com.apple.product-type.application";
		};
/* End PBXNativeTarget section */

/* Begin PBXProject section */
		39DA9ED62A669F710034FAEC /* Project object */ = {
			isa = PBXProject;
			attributes = {
				BuildIndependentTargetsInParallel = 1;
				LastSwiftUpdateCheck = 1430;
				LastUpgradeCheck = 1430;
				TargetAttributes = {
					39DA9EDD2A669F710034FAEC = {
						CreatedOnToolsVersion = 14.3.1;
					};
				};
			};
			buildConfigurationList = 39DA9ED92A669F710034FAEC /* Build configuration list for PBXProject "ImageView-assignment" */;
			compatibilityVersion = "Xcode 14.0";
			developmentRegion = en;
			hasScannedForEncodings = 0;
			knownRegions = (
				en,
				Base,
			);
			mainGroup = 39DA9ED52A669F710034FAEC;
			productRefGroup = 39DA9EDF2A669F710034FAEC /* Products */;
			projectDirPath = "";
			projectRoot = "";
			targets = (
				39DA9EDD2A669F710034FAEC /* ImageView-assignment */,
			);
		};
/* End PBXProject section */

/* Begin PBXResourcesBuildPhase section */
		39DA9EDC2A669F710034FAEC /* Resources */ = {
			isa = PBXResourcesBuildPhase;
			buildActionMask = 2147483647;
			files = (
				39DA9EFD2A669F7E0034FAEC /* 4.png in Resources */,
				39DA9EEE2A669F720034FAEC /* LaunchScreen.storyboard in Resources */,
				39DA9EFE2A669F7E0034FAEC /* 2.png in Resources */,
				39DA9F002A669F7E0034FAEC /* 3.png in Resources */,
				39DA9EFB2A669F7E0034FAEC /* 1.png in Resources */,
				39DA9EEB2A669F720034FAEC /* Assets.xcassets in Resources */,
				39DA9EFF2A669F7E0034FAEC /* 5.png in Resources */,
				39DA9EE92A669F710034FAEC /* Main.storyboard in Resources */,
				39DA9EFC2A669F7E0034FAEC /* 6.png in Resources */,
			);
			runOnlyForDeploymentPostprocessing = 0;
		};
/* End PBXResourcesBuildPhase section */

/* Begin PBXSourcesBuildPhase section */
		39DA9EDA2A669F710034FAEC /* Sources */ = {
			isa = PBXSourcesBuildPhase;
			buildActionMask = 2147483647;
			files = (
				39DA9EE62A669F710034FAEC /* ViewController.swift in Sources */,
				39DA9EE22A669F710034FAEC /* AppDelegate.swift in Sources */,
				39DA9EE42A669F710034FAEC /* SceneDelegate.swift in Sources */,
			);
			runOnlyForDeploymentPostprocessing = 0;
		};
/* End PBXSourcesBuildPhase section */

/* Begin PBXVariantGroup section */
		39DA9EE72A669F710034FAEC /* Main.storyboard */ = {
			isa = PBXVariantGroup;
			children = (
				39DA9EE82A669F710034FAEC /* Base */,
			);
			name = Main.storyboard;
			sourceTree = "<group>";
		};
		39DA9EEC2A669F720034FAEC /* LaunchScreen.storyboard */ = {
			isa = PBXVariantGroup;
			children = (
				39DA9EED2A669F720034FAEC /* Base */,
			);
			name = LaunchScreen.storyboard;
			sourceTree = "<group>";
		};
/* End PBXVariantGroup section */

/* Begin XCBuildConfiguration section */
		39DA9EF02A669F720034FAEC /* Debug */ = {
			isa = XCBuildConfiguration;
			buildSettings = {
				ALWAYS_SEARCH_USER_PATHS = NO;
				CLANG_ANALYZER_NONNULL = YES;
				CLANG_ANALYZER_NUMBER_OBJECT_CONVERSION = YES_AGGRESSIVE;
				CLANG_CXX_LANGUAGE_STANDARD = "gnu++20";
				CLANG_ENABLE_MODULES = YES;
				CLANG_ENABLE_OBJC_ARC = YES;
				CLANG_ENABLE_OBJC_WEAK = YES;
				CLANG_WARN_BLOCK_CAPTURE_AUTORELEASING = YES;
				CLANG_WARN_BOOL_CONVERSION = YES;
				CLANG_WARN_COMMA = YES;
				CLANG_WARN_CONSTANT_CONVERSION = YES;
				CLANG_WARN_DEPRECATED_OBJC_IMPLEMENTATIONS = YES;
				CLANG_WARN_DIRECT_OBJC_ISA_USAGE = YES_ERROR;
				CLANG_WARN_DOCUMENTATION_COMMENTS = YES;
				CLANG_WARN_EMPTY_BODY = YES;
				CLANG_WARN_ENUM_CONVERSION = YES;
				CLANG_WARN_INFINITE_RECURSION = YES;
				CLANG_WARN_INT_CONVERSION = YES;
				CLANG_WARN_NON_LITERAL_NULL_CONVERSION = YES;
				CLANG_WARN_OBJC_IMPLICIT_RETAIN_SELF = YES;
				CLANG_WARN_OBJC_LITERAL_CONVERSION = YES;
				CLANG_WARN_OBJC_ROOT_CLASS = YES_ERROR;
				CLANG_WARN_QUOTED_INCLUDE_IN_FRAMEWORK_HEADER = YES;
				CLANG_WARN_RANGE_LOOP_ANALYSIS = YES;
				CLANG_WARN_STRICT_PROTOTYPES = YES;
				CLANG_WARN_SUSPICIOUS_MOVE = YES;
				CLANG_WARN_UNGUARDED_AVAILABILITY = YES_AGGRESSIVE;
				CLANG_WARN_UNREACHABLE_CODE = YES;
				CLANG_WARN__DUPLICATE_METHOD_MATCH = YES;
				COPY_PHASE_STRIP = NO;
				DEBUG_INFORMATION_FORMAT = dwarf;
				ENABLE_STRICT_OBJC_MSGSEND = YES;
				ENABLE_TESTABILITY = YES;
				GCC_C_LANGUAGE_STANDARD = gnu11;
				GCC_DYNAMIC_NO_PIC = NO;
				GCC_NO_COMMON_BLOCKS = YES;
				GCC_OPTIMIZATION_LEVEL = 0;
				GCC_PREPROCESSOR_DEFINITIONS = (
					"DEBUG=1",
					"$(inherited)",
				);
				GCC_WARN_64_TO_32_BIT_CONVERSION = YES;
				GCC_WARN_ABOUT_RETURN_TYPE = YES_ERROR;
				GCC_WARN_UNDECLARED_SELECTOR = YES;
				GCC_WARN_UNINITIALIZED_AUTOS = YES_AGGRESSIVE;
				GCC_WARN_UNUSED_FUNCTION = YES;
				GCC_WARN_UNUSED_VARIABLE = YES;
				IPHONEOS_DEPLOYMENT_TARGET = 16.4;
				MTL_ENABLE_DEBUG_INFO = INCLUDE_SOURCE;
				MTL_FAST_MATH = YES;
				ONLY_ACTIVE_ARCH = YES;
				SDKROOT = iphoneos;
				SWIFT_ACTIVE_COMPILATION_CONDITIONS = DEBUG;
				SWIFT_OPTIMIZATION_LEVEL = "-Onone";
			};
			name = Debug;
		};
		39DA9EF12A669F720034FAEC /* Release */ = {
			isa = XCBuildConfiguration;
			buildSettings = {
				ALWAYS_SEARCH_USER_PATHS = NO;
				CLANG_ANALYZER_NONNULL = YES;
				CLANG_ANALYZER_NUMBER_OBJECT_CONVERSION = YES_AGGRESSIVE;
				CLANG_CXX_LANGUAGE_STANDARD = "gnu++20";
				CLANG_ENABLE_MODULES = YES;
				CLANG_ENABLE_OBJC_ARC = YES;
				CLANG_ENABLE_OBJC_WEAK = YES;
				CLANG_WARN_BLOCK_CAPTURE_AUTORELEASING = YES;
				CLANG_WARN_BOOL_CONVERSION = YES;
				CLANG_WARN_COMMA = YES;
				CLANG_WARN_CONSTANT_CONVERSION = YES;
				CLANG_WARN_DEPRECATED_OBJC_IMPLEMENTATIONS = YES;
				CLANG_WARN_DIRECT_OBJC_ISA_USAGE = YES_ERROR;
				CLANG_WARN_DOCUMENTATION_COMMENTS = YES;
				CLANG_WARN_EMPTY_BODY = YES;
				CLANG_WARN_ENUM_CONVERSION = YES;
				CLANG_WARN_INFINITE_RECURSION = YES;
				CLANG_WARN_INT_CONVERSION = YES;
				CLANG_WARN_NON_LITERAL_NULL_CONVERSION = YES;
				CLANG_WARN_OBJC_IMPLICIT_RETAIN_SELF = YES;
				CLANG_WARN_OBJC_LITERAL_CONVERSION = YES;
				CLANG_WARN_OBJC_ROOT_CLASS = YES_ERROR;
				CLANG_WARN_QUOTED_INCLUDE_IN_FRAMEWORK_HEADER = YES;
				CLANG_WARN_RANGE_LOOP_ANALYSIS = YES;
				CLANG_WARN_STRICT_PROTOTYPES = YES;
				CLANG_WARN_SUSPICIOUS_MOVE = YES;
				CLANG_WARN_UNGUARDED_AVAILABILITY = YES_AGGRESSIVE;
				CLANG_WARN_UNREACHABLE_CODE = YES;
				CLANG_WARN__DUPLICATE_METHOD_MATCH = YES;
				COPY_PHASE_STRIP = NO;
				DEBUG_INFORMATION_FORMAT = "dwarf-with-dsym";
				ENABLE_NS_ASSERTIONS = NO;
				ENABLE_STRICT_OBJC_MSGSEND = YES;
				GCC_C_LANGUAGE_STANDARD = gnu11;
				GCC_NO_COMMON_BLOCKS = YES;
				GCC_WARN_64_TO_32_BIT_CONVERSION = YES;
				GCC_WARN_ABOUT_RETURN_TYPE = YES_ERROR;
				GCC_WARN_UNDECLARED_SELECTOR = YES;
				GCC_WARN_UNINITIALIZED_AUTOS = YES_AGGRESSIVE;
				GCC_WARN_UNUSED_FUNCTION = YES;
				GCC_WARN_UNUSED_VARIABLE = YES;
				IPHONEOS_DEPLOYMENT_TARGET = 16.4;
				MTL_ENABLE_DEBUG_INFO = NO;
				MTL_FAST_MATH = YES;
				SDKROOT = iphoneos;
				SWIFT_COMPILATION_MODE = wholemodule;
				SWIFT_OPTIMIZATION_LEVEL = "-O";
				VALIDATE_PRODUCT = YES;
			};
			name = Release;
		};
		39DA9EF32A669F720034FAEC /* Debug */ = {
			isa = XCBuildConfiguration;
			buildSettings = {
				ASSETCATALOG_COMPILER_APPICON_NAME = AppIcon;
				ASSETCATALOG_COMPILER_GLOBAL_ACCENT_COLOR_NAME = AccentColor;
				CODE_SIGN_STYLE = Automatic;
				CURRENT_PROJECT_VERSION = 1;
				GENERATE_INFOPLIST_FILE = YES;
				INFOPLIST_FILE = "ImageView-assignment/Info.plist";
				INFOPLIST_KEY_UIApplicationSupportsIndirectInputEvents = YES;
				INFOPLIST_KEY_UILaunchStoryboardName = LaunchScreen;
				INFOPLIST_KEY_UIMainStoryboardFile = Main;
				INFOPLIST_KEY_UISupportedInterfaceOrientations_iPad = "UIInterfaceOrientationPortrait UIInterfaceOrientationPortraitUpsideDown UIInterfaceOrientationLandscapeLeft UIInterfaceOrientationLandscapeRight";
				INFOPLIST_KEY_UISupportedInterfaceOrientations_iPhone = "UIInterfaceOrientationPortrait UIInterfaceOrientationLandscapeLeft UIInterfaceOrientationLandscapeRight";
				LD_RUNPATH_SEARCH_PATHS = (
					"$(inherited)",
					"@executable_path/Frameworks",
				);
				MARKETING_VERSION = 1.0;
				PRODUCT_BUNDLE_IDENTIFIER = "com.Nak.ImageView-assignment";
				PRODUCT_NAME = "$(TARGET_NAME)";
				SWIFT_EMIT_LOC_STRINGS = YES;
				SWIFT_VERSION = 5.0;
				TARGETED_DEVICE_FAMILY = "1,2";
			};
			name = Debug;
		};
		39DA9EF42A669F720034FAEC /* Release */ = {
			isa = XCBuildConfiguration;
			buildSettings = {
				ASSETCATALOG_COMPILER_APPICON_NAME = AppIcon;
				ASSETCATALOG_COMPILER_GLOBAL_ACCENT_COLOR_NAME = AccentColor;
				CODE_SIGN_STYLE = Automatic;
				CURRENT_PROJECT_VERSION = 1;
				GENERATE_INFOPLIST_FILE = YES;
				INFOPLIST_FILE = "ImageView-assignment/Info.plist";
				INFOPLIST_KEY_UIApplicationSupportsIndirectInputEvents = YES;
				INFOPLIST_KEY_UILaunchStoryboardName = LaunchScreen;
				INFOPLIST_KEY_UIMainStoryboardFile = Main;
				INFOPLIST_KEY_UISupportedInterfaceOrientations_iPad = "UIInterfaceOrientationPortrait UIInterfaceOrientationPortraitUpsideDown UIInterfaceOrientationLandscapeLeft UIInterfaceOrientationLandscapeRight";
				INFOPLIST_KEY_UISupportedInterfaceOrientations_iPhone = "UIInterfaceOrientationPortrait UIInterfaceOrientationLandscapeLeft UIInterfaceOrientationLandscapeRight";
				LD_RUNPATH_SEARCH_PATHS = (
					"$(inherited)",
					"@executable_path/Frameworks",
				);
				MARKETING_VERSION = 1.0;
				PRODUCT_BUNDLE_IDENTIFIER = "com.Nak.ImageView-assignment";
				PRODUCT_NAME = "$(TARGET_NAME)";
				SWIFT_EMIT_LOC_STRINGS = YES;
				SWIFT_VERSION = 5.0;
				TARGETED_DEVICE_FAMILY = "1,2";
			};
			name = Release;
		};
/* End XCBuildConfiguration section */

/* Begin XCConfigurationList section */
		39DA9ED92A669F710034FAEC /* Build configuration list for PBXProject "ImageView-assignment" */ = {
			isa = XCConfigurationList;
			buildConfigurations = (
				39DA9EF02A669F720034FAEC /* Debug */,
				39DA9EF12A669F720034FAEC /* Release */,
			);
			defaultConfigurationIsVisible = 0;
			defaultConfigurationName = Release;
		};
		39DA9EF22A669F720034FAEC /* Build configuration list for PBXNativeTarget "ImageView-assignment" */ = {
			isa = XCConfigurationList;
			buildConfigurations = (
				39DA9EF32A669F720034FAEC /* Debug */,
				39DA9EF42A669F720034FAEC /* Release */,
			);
			defaultConfigurationIsVisible = 0;
			defaultConfigurationName = Release;
		};
/* End XCConfigurationList section */
	};
	rootObject = 39DA9ED62A669F710034FAEC /* Project object */;
}
